
Microsoft Visual Studio Solution File, Format Version 12.00
# Visual Studio Version 16
VisualStudioVersion = 25.0.1704.0
MinimumVisualStudioVersion = 10.0.40219.1
Project("{FAE04EC0-301F-11D3-BF4B-00C04F79EFBC}") = "CartingService", "CartingService\CartingService.csproj", "{3311823C-28E3-4975-AE30-F8210B153BF6}"
EndProject
Project("{FAE04EC0-301F-11D3-BF4B-00C04F79EFBC}") = "CartingService.UnitTests", "CartingService.UnitTests\CartingService.UnitTests.csproj", "{AC30B7BD-9460-4AD7-9089-87B6A3150929}"
EndProject
Project("{FAE04EC0-301F-11D3-BF4B-00C04F79EFBC}") = "CatalogService.Domain", "CatalogService.Domain\CatalogService.Domain.csproj", "{711B80B5-B363-48F4-A610-0C3073AEA4DB}"
EndProject
Project("{FAE04EC0-301F-11D3-BF4B-00C04F79EFBC}") = "CatalogService.Infrastructure", "CatalogService.Infrastructure\CatalogService.Infrastructure.csproj", "{9FA6CF0E-73CC-4959-A8A6-96091E2BEFD5}"
EndProject
Project("{FAE04EC0-301F-11D3-BF4B-00C04F79EFBC}") = "CatalogService.Domain.Tests", "CatalogService.Domain.Tests\CatalogService.Domain.Tests.csproj", "{7EF6FA39-2671-4E98-9C9D-86478A5E24C0}"
EndProject
Project("{FAE04EC0-301F-11D3-BF4B-00C04F79EFBC}") = "CatalogService.Infrastructure.Tests", "CatalogService.Infrastructure.Tests\CatalogService.Infrastructure.Tests.csproj", "{F7EB50F5-37E9-4E50-9C56-D051D5BAA2A8}"
EndProject
Project("{FAE04EC0-301F-11D3-BF4B-00C04F79EFBC}") = "CatalogWebApi", "CatalogWebApi\CatalogWebApi.csproj", "{0F16CCAC-39A9-4402-8BBB-2028C14099EB}"
EndProject
Project("{FAE04EC0-301F-11D3-BF4B-00C04F79EFBC}") = "CatalogWebApi.Tests", "CatalogWebApi.Tests\CatalogWebApi.Tests.csproj", "{41F2EBCB-ACF3-455A-AF55-46242273DFE6}"
EndProject
Project("{FAE04EC0-301F-11D3-BF4B-00C04F79EFBC}") = "CartWebApi", "CartWebApi\CartWebApi.csproj", "{212C6128-924D-4206-ABA6-F703E5E0839D}"
EndProject
Project("{FAE04EC0-301F-11D3-BF4B-00C04F79EFBC}") = "CartWebApi.Tests", "CartWebApi.Tests\CartWebApi.Tests.csproj", "{DAA70218-FA15-4713-A70B-FD6AFCD1013C}"
EndProject
Project("{2150E333-8FDC-42A3-9474-1A3956D46DE8}") = "Carting", "Carting", "{DFA453DA-76D4-43AF-8A54-563B5B19557F}"
EndProject
Project("{2150E333-8FDC-42A3-9474-1A3956D46DE8}") = "Catalog", "Catalog", "{AB6026DE-17D8-4748-9F65-1896CFA03551}"
EndProject
Project("{FAE04EC0-301F-11D3-BF4B-00C04F79EFBC}") = "EventBusRabbitMQ", "EventBusRabbitMQ\EventBusRabbitMQ.csproj", "{C9BD117E-1C46-4A96-AB78-9C522D992209}"
EndProject
Project("{2150E333-8FDC-42A3-9474-1A3956D46DE8}") = "Catalog.Tests", "Catalog.Tests", "{3BBA27B5-8EC1-4A19-A30C-5C4782AEF1EC}"
EndProject
Project("{2150E333-8FDC-42A3-9474-1A3956D46DE8}") = "Carting.Tests", "Carting.Tests", "{9F3DCEB1-E112-44BE-8477-269DB0BBAB6B}"
EndProject
Project("{FAE04EC0-301F-11D3-BF4B-00C04F79EFBC}") = "IdentityServer", "IdentityServer\IdentityServer.csproj", "{6384A222-5993-48B6-8B8A-FCF51399702E}"
EndProject
Project("{FAE04EC0-301F-11D3-BF4B-00C04F79EFBC}") = "ApiGatewayOcelot", "ApiGatewayOcelot\ApiGatewayOcelot.csproj", "{C3C8E254-F150-4FDA-9787-85805C28A631}"
EndProject
Global
	GlobalSection(SolutionConfigurationPlatforms) = preSolution
		Debug|Any CPU = Debug|Any CPU
		Release|Any CPU = Release|Any CPU
	EndGlobalSection
	GlobalSection(ProjectConfigurationPlatforms) = postSolution
		{810CE85B-AB24-4179-87FF-5F3384F28A36}.Debug|Any CPU.ActiveCfg = Debug|Any CPU
		{810CE85B-AB24-4179-87FF-5F3384F28A36}.Debug|Any CPU.Build.0 = Debug|Any CPU
		{810CE85B-AB24-4179-87FF-5F3384F28A36}.Release|Any CPU.ActiveCfg = Release|Any CPU
		{810CE85B-AB24-4179-87FF-5F3384F28A36}.Release|Any CPU.Build.0 = Release|Any CPU
		{3E5745F8-AB2D-4893-B82C-045D937C7DFA}.Debug|Any CPU.ActiveCfg = Debug|Any CPU
		{3E5745F8-AB2D-4893-B82C-045D937C7DFA}.Debug|Any CPU.Build.0 = Debug|Any CPU
		{3E5745F8-AB2D-4893-B82C-045D937C7DFA}.Release|Any CPU.ActiveCfg = Release|Any CPU
		{3E5745F8-AB2D-4893-B82C-045D937C7DFA}.Release|Any CPU.Build.0 = Release|Any CPU
		{3311823C-28E3-4975-AE30-F8210B153BF6}.Debug|Any CPU.ActiveCfg = Debug|Any CPU
		{3311823C-28E3-4975-AE30-F8210B153BF6}.Debug|Any CPU.Build.0 = Debug|Any CPU
		{3311823C-28E3-4975-AE30-F8210B153BF6}.Release|Any CPU.ActiveCfg = Release|Any CPU
		{3311823C-28E3-4975-AE30-F8210B153BF6}.Release|Any CPU.Build.0 = Release|Any CPU
		{AC30B7BD-9460-4AD7-9089-87B6A3150929}.Debug|Any CPU.ActiveCfg = Debug|Any CPU
		{AC30B7BD-9460-4AD7-9089-87B6A3150929}.Debug|Any CPU.Build.0 = Debug|Any CPU
		{AC30B7BD-9460-4AD7-9089-87B6A3150929}.Release|Any CPU.ActiveCfg = Release|Any CPU
		{AC30B7BD-9460-4AD7-9089-87B6A3150929}.Release|Any CPU.Build.0 = Release|Any CPU
		{711B80B5-B363-48F4-A610-0C3073AEA4DB}.Debug|Any CPU.ActiveCfg = Debug|Any CPU
		{711B80B5-B363-48F4-A610-0C3073AEA4DB}.Debug|Any CPU.Build.0 = Debug|Any CPU
		{711B80B5-B363-48F4-A610-0C3073AEA4DB}.Release|Any CPU.ActiveCfg = Release|Any CPU
		{711B80B5-B363-48F4-A610-0C3073AEA4DB}.Release|Any CPU.Build.0 = Release|Any CPU
		{9FA6CF0E-73CC-4959-A8A6-96091E2BEFD5}.Debug|Any CPU.ActiveCfg = Debug|Any CPU
		{9FA6CF0E-73CC-4959-A8A6-96091E2BEFD5}.Debug|Any CPU.Build.0 = Debug|Any CPU
		{9FA6CF0E-73CC-4959-A8A6-96091E2BEFD5}.Release|Any CPU.ActiveCfg = Release|Any CPU
		{9FA6CF0E-73CC-4959-A8A6-96091E2BEFD5}.Release|Any CPU.Build.0 = Release|Any CPU
		{7EF6FA39-2671-4E98-9C9D-86478A5E24C0}.Debug|Any CPU.ActiveCfg = Debug|Any CPU
		{7EF6FA39-2671-4E98-9C9D-86478A5E24C0}.Debug|Any CPU.Build.0 = Debug|Any CPU
		{7EF6FA39-2671-4E98-9C9D-86478A5E24C0}.Release|Any CPU.ActiveCfg = Release|Any CPU
		{7EF6FA39-2671-4E98-9C9D-86478A5E24C0}.Release|Any CPU.Build.0 = Release|Any CPU
		{F7EB50F5-37E9-4E50-9C56-D051D5BAA2A8}.Debug|Any CPU.ActiveCfg = Debug|Any CPU
		{F7EB50F5-37E9-4E50-9C56-D051D5BAA2A8}.Debug|Any CPU.Build.0 = Debug|Any CPU
		{F7EB50F5-37E9-4E50-9C56-D051D5BAA2A8}.Release|Any CPU.ActiveCfg = Release|Any CPU
		{F7EB50F5-37E9-4E50-9C56-D051D5BAA2A8}.Release|Any CPU.Build.0 = Release|Any CPU
		{0F16CCAC-39A9-4402-8BBB-2028C14099EB}.Debug|Any CPU.ActiveCfg = Debug|Any CPU
		{0F16CCAC-39A9-4402-8BBB-2028C14099EB}.Debug|Any CPU.Build.0 = Debug|Any CPU
		{0F16CCAC-39A9-4402-8BBB-2028C14099EB}.Release|Any CPU.ActiveCfg = Release|Any CPU
		{0F16CCAC-39A9-4402-8BBB-2028C14099EB}.Release|Any CPU.Build.0 = Release|Any CPU
		{41F2EBCB-ACF3-455A-AF55-46242273DFE6}.Debug|Any CPU.ActiveCfg = Debug|Any CPU
		{41F2EBCB-ACF3-455A-AF55-46242273DFE6}.Debug|Any CPU.Build.0 = Debug|Any CPU
		{41F2EBCB-ACF3-455A-AF55-46242273DFE6}.Release|Any CPU.ActiveCfg = Release|Any CPU
		{41F2EBCB-ACF3-455A-AF55-46242273DFE6}.Release|Any CPU.Build.0 = Release|Any CPU
		{212C6128-924D-4206-ABA6-F703E5E0839D}.Debug|Any CPU.ActiveCfg = Debug|Any CPU
		{212C6128-924D-4206-ABA6-F703E5E0839D}.Debug|Any CPU.Build.0 = Debug|Any CPU
		{212C6128-924D-4206-ABA6-F703E5E0839D}.Release|Any CPU.ActiveCfg = Release|Any CPU
		{212C6128-924D-4206-ABA6-F703E5E0839D}.Release|Any CPU.Build.0 = Release|Any CPU
		{DAA70218-FA15-4713-A70B-FD6AFCD1013C}.Debug|Any CPU.ActiveCfg = Debug|Any CPU
		{DAA70218-FA15-4713-A70B-FD6AFCD1013C}.Debug|Any CPU.Build.0 = Debug|Any CPU
		{DAA70218-FA15-4713-A70B-FD6AFCD1013C}.Release|Any CPU.ActiveCfg = Release|Any CPU
		{DAA70218-FA15-4713-A70B-FD6AFCD1013C}.Release|Any CPU.Build.0 = Release|Any CPU
		{C9BD117E-1C46-4A96-AB78-9C522D992209}.Debug|Any CPU.ActiveCfg = Debug|Any CPU
		{C9BD117E-1C46-4A96-AB78-9C522D992209}.Debug|Any CPU.Build.0 = Debug|Any CPU
		{C9BD117E-1C46-4A96-AB78-9C522D992209}.Release|Any CPU.ActiveCfg = Release|Any CPU
		{C9BD117E-1C46-4A96-AB78-9C522D992209}.Release|Any CPU.Build.0 = Release|Any CPU
		{6384A222-5993-48B6-8B8A-FCF51399702E}.Debug|Any CPU.ActiveCfg = Debug|Any CPU
		{6384A222-5993-48B6-8B8A-FCF51399702E}.Debug|Any CPU.Build.0 = Debug|Any CPU
		{6384A222-5993-48B6-8B8A-FCF51399702E}.Release|Any CPU.ActiveCfg = Release|Any CPU
		{6384A222-5993-48B6-8B8A-FCF51399702E}.Release|Any CPU.Build.0 = Release|Any CPU
		{C3C8E254-F150-4FDA-9787-85805C28A631}.Debug|Any CPU.ActiveCfg = Debug|Any CPU
		{C3C8E254-F150-4FDA-9787-85805C28A631}.Debug|Any CPU.Build.0 = Debug|Any CPU
		{C3C8E254-F150-4FDA-9787-85805C28A631}.Release|Any CPU.ActiveCfg = Release|Any CPU
		{C3C8E254-F150-4FDA-9787-85805C28A631}.Release|Any CPU.Build.0 = Release|Any CPU
	EndGlobalSection
	GlobalSection(SolutionProperties) = preSolution
		HideSolutionNode = FALSE
	EndGlobalSection
	GlobalSection(ExtensibilityGlobals) = postSolution
		SolutionGuid = {2BD7516A-1933-44E2-9A63-1FBF681E2B43}
	EndGlobalSection
	GlobalSection(NestedProjects) = preSolution
		{3311823C-28E3-4975-AE30-F8210B153BF6} = {DFA453DA-76D4-43AF-8A54-563B5B19557F}
		{212C6128-924D-4206-ABA6-F703E5E0839D} = {DFA453DA-76D4-43AF-8A54-563B5B19557F}
		{711B80B5-B363-48F4-A610-0C3073AEA4DB} = {AB6026DE-17D8-4748-9F65-1896CFA03551}
		{9FA6CF0E-73CC-4959-A8A6-96091E2BEFD5} = {AB6026DE-17D8-4748-9F65-1896CFA03551}
		{0F16CCAC-39A9-4402-8BBB-2028C14099EB} = {AB6026DE-17D8-4748-9F65-1896CFA03551}
		{7EF6FA39-2671-4E98-9C9D-86478A5E24C0} = {3BBA27B5-8EC1-4A19-A30C-5C4782AEF1EC}
		{F7EB50F5-37E9-4E50-9C56-D051D5BAA2A8} = {3BBA27B5-8EC1-4A19-A30C-5C4782AEF1EC}
		{41F2EBCB-ACF3-455A-AF55-46242273DFE6} = {3BBA27B5-8EC1-4A19-A30C-5C4782AEF1EC}
		{AC30B7BD-9460-4AD7-9089-87B6A3150929} = {9F3DCEB1-E112-44BE-8477-269DB0BBAB6B}
		{DAA70218-FA15-4713-A70B-FD6AFCD1013C} = {9F3DCEB1-E112-44BE-8477-269DB0BBAB6B}
	EndGlobalSection
EndGlobal
